
Microsoft Visual Studio Solution File, Format Version 12.00
# Visual Studio Version 16
VisualStudioVersion = 16.0.29609.76
MinimumVisualStudioVersion = 10.0.40219.1
Project("{FAE04EC0-301F-11D3-BF4B-00C04F79EFBC}") = "FunctionAppV3wUnitTests", "FunctionAppV3wUnitTests\FunctionAppV3wUnitTests.csproj", "{3F4B87AD-FE87-4D60-ADDF-FC81C89254FB}"
EndProject
Project("{FAE04EC0-301F-11D3-BF4B-00C04F79EFBC}") = "XUnitTestProject1", "XUnitTestProject1\XUnitTestProject1.csproj", "{454433C1-2AB0-4847-AA9D-A3CEBCA5EA62}"
EndProject
Global
	GlobalSection(SolutionConfigurationPlatforms) = preSolution
		Debug|Any CPU = Debug|Any CPU
		Release|Any CPU = Release|Any CPU
	EndGlobalSection
	GlobalSection(ProjectConfigurationPlatforms) = postSolution
		{3F4B87AD-FE87-4D60-ADDF-FC81C89254FB}.Debug|Any CPU.ActiveCfg = Debug|Any CPU
		{3F4B87AD-FE87-4D60-ADDF-FC81C89254FB}.Debug|Any CPU.Build.0 = Debug|Any CPU
		{3F4B87AD-FE87-4D60-ADDF-FC81C89254FB}.Release|Any CPU.ActiveCfg = Release|Any CPU
		{3F4B87AD-FE87-4D60-ADDF-FC81C89254FB}.Release|Any CPU.Build.0 = Release|Any CPU
		{454433C1-2AB0-4847-AA9D-A3CEBCA5EA62}.Debug|Any CPU.ActiveCfg = Debug|Any CPU
		{454433C1-2AB0-4847-AA9D-A3CEBCA5EA62}.Debug|Any CPU.Build.0 = Debug|Any CPU
		{454433C1-2AB0-4847-AA9D-A3CEBCA5EA62}.Release|Any CPU.ActiveCfg = Release|Any CPU
		{454433C1-2AB0-4847-AA9D-A3CEBCA5EA62}.Release|Any CPU.Build.0 = Release|Any CPU
	EndGlobalSection
	GlobalSection(SolutionProperties) = preSolution
		HideSolutionNode = FALSE
	EndGlobalSection
	GlobalSection(ExtensibilityGlobals) = postSolution
		SolutionGuid = {17564E3A-4168-4860-89C5-9F3675518441}
	EndGlobalSection
EndGlobal
